{
  "name": "IBAN-Helper",
  "lockfileVersion": 2,
  "requires": true,
  "packages": {
    "": {
      "dependencies": {
        "podspec-bump": "^0.4.1"
      }
    },
    "node_modules/deep-is": {
      "version": "0.1.3",
      "resolved": "https://registry.npmjs.org/deep-is/-/deep-is-0.1.3.tgz",
      "integrity": "sha1-s2nW+128E+7PUk+RsHD+7cNXzzQ="
    },
    "node_modules/fast-levenshtein": {
      "version": "1.0.7",
      "resolved": "https://registry.npmjs.org/fast-levenshtein/-/fast-levenshtein-1.0.7.tgz",
      "integrity": "sha1-AXjc3uAjuSkFGTrwlZ6KdjnP3Lk="
    },
    "node_modules/levn": {
      "version": "0.2.5",
      "resolved": "https://registry.npmjs.org/levn/-/levn-0.2.5.tgz",
      "integrity": "sha1-uo0znQykphDjo/FFucr0iAcVUFQ=",
      "dependencies": {
        "prelude-ls": "~1.1.0",
        "type-check": "~0.3.1"
      },
      "engines": {
        "node": ">= 0.8.0"
      }
    },
    "node_modules/optionator": {
      "version": "0.4.0",
      "resolved": "https://registry.npmjs.org/optionator/-/optionator-0.4.0.tgz",
      "integrity": "sha1-55x5Jv99VQ+SxxTfw9oh14d+vqY=",
      "dependencies": {
        "deep-is": "~0.1.2",
        "fast-levenshtein": "~1.0.0",
        "levn": "~0.2.5",
        "prelude-ls": "~1.1.0",
        "type-check": "~0.3.1",
        "wordwrap": "~0.0.2"
      },
      "engines": {
        "node": ">= 0.8.0"
      }
    },
    "node_modules/podspec-bump": {
      "version": "0.4.1",
      "resolved": "https://registry.npmjs.org/podspec-bump/-/podspec-bump-0.4.1.tgz",
      "integrity": "sha1-uGydq1xhzrMjjt0N9zxjs1yhXjQ=",
      "dependencies": {
        "optionator": "^0.4.0",
        "semver": "^3.0.1"
      },
      "bin": {
        "podspec-bump": "bin/cmd.js"
      }
    },
    "node_modules/prelude-ls": {
      "version": "1.1.2",
      "resolved": "https://registry.npmjs.org/prelude-ls/-/prelude-ls-1.1.2.tgz",
      "integrity": "sha1-IZMqVJ9eUv/ZqCf1cOBL5iqX2lQ=",
      "engines": {
        "node": ">= 0.8.0"
      }
    },
    "node_modules/semver": {
      "version": "3.0.1",
      "resolved": "https://registry.npmjs.org/semver/-/semver-3.0.1.tgz",
      "integrity": "sha1-cgrAElFaJS+R+w3S6ZpWpw1s8Hg=",
      "bin": {
        "semver": "bin/semver"
      }
    },
    "node_modules/type-check": {
      "version": "0.3.2",
      "resolved": "https://registry.npmjs.org/type-check/-/type-check-0.3.2.tgz",
      "integrity": "sha1-WITKtRLPHTVeP7eE8wgEsrUg23I=",
      "dependencies": {
        "prelude-ls": "~1.1.2"
      },
      "engines": {
        "node": ">= 0.8.0"
      }
    },
    "node_modules/wordwrap": {
      "version": "0.0.3",
      "resolved": "https://registry.npmjs.org/wordwrap/-/wordwrap-0.0.3.tgz",
      "integrity": "sha1-o9XabNXAvAAI03I0u68b7WMFkQc=",
      "engines": {
        "node": ">=0.4.0"
      }
    }
  },
  "dependencies": {
    "deep-is": {
      "version": "0.1.3",
      "resolved": "https://registry.npmjs.org/deep-is/-/deep-is-0.1.3.tgz",
      "integrity": "sha1-s2nW+128E+7PUk+RsHD+7cNXzzQ="
    },
    "fast-levenshtein": {
      "version": "1.0.7",
      "resolved": "https://registry.npmjs.org/fast-levenshtein/-/fast-levenshtein-1.0.7.tgz",
      "integrity": "sha1-AXjc3uAjuSkFGTrwlZ6KdjnP3Lk="
    },
    "levn": {
      "version": "0.2.5",
      "resolved": "https://registry.npmjs.org/levn/-/levn-0.2.5.tgz",
      "integrity": "sha1-uo0znQykphDjo/FFucr0iAcVUFQ=",
      "requires": {
        "prelude-ls": "~1.1.0",
        "type-check": "~0.3.1"
      }
    },
    "optionator": {
      "version": "0.4.0",
      "resolved": "https://registry.npmjs.org/optionator/-/optionator-0.4.0.tgz",
      "integrity": "sha1-55x5Jv99VQ+SxxTfw9oh14d+vqY=",
      "requires": {
        "deep-is": "~0.1.2",
        "fast-levenshtein": "~1.0.0",
        "levn": "~0.2.5",
        "prelude-ls": "~1.1.0",
        "type-check": "~0.3.1",
        "wordwrap": "~0.0.2"
      }
    },
    "podspec-bump": {
      "version": "0.4.1",
      "resolved": "https://registry.npmjs.org/podspec-bump/-/podspec-bump-0.4.1.tgz",
      "integrity": "sha1-uGydq1xhzrMjjt0N9zxjs1yhXjQ=",
      "requires": {
        "optionator": "^0.4.0",
        "semver": "^3.0.1"
      }
    },
    "prelude-ls": {
      "version": "1.1.2",
      "resolved": "https://registry.npmjs.org/prelude-ls/-/prelude-ls-1.1.2.tgz",
      "integrity": "sha1-IZMqVJ9eUv/ZqCf1cOBL5iqX2lQ="
    },
    "semver": {
      "version": "3.0.1",
      "resolved": "https://registry.npmjs.org/semver/-/semver-3.0.1.tgz",
      "integrity": "sha1-cgrAElFaJS+R+w3S6ZpWpw1s8Hg="
    },
    "type-check": {
      "version": "0.3.2",
      "resolved": "https://registry.npmjs.org/type-check/-/type-check-0.3.2.tgz",
      "integrity": "sha1-WITKtRLPHTVeP7eE8wgEsrUg23I=",
      "requires": {
        "prelude-ls": "~1.1.2"
      }
    },
    "wordwrap": {
      "version": "0.0.3",
      "resolved": "https://registry.npmjs.org/wordwrap/-/wordwrap-0.0.3.tgz",
      "integrity": "sha1-o9XabNXAvAAI03I0u68b7WMFkQc="
    }
  }
}
